
Microsoft Visual Studio Solution File, Format Version 12.00
# Visual Studio Version 17
VisualStudioVersion = 17.5.33530.505
MinimumVisualStudioVersion = 10.0.40219.1
Project("{FAE04EC0-301F-11D3-BF4B-00C04F79EFBC}") = "Interfaces", "Interfaces\Interfaces.csproj", "{5B391D4F-7104-438F-BE96-DFA4BE25CCC0}"
EndProject
Project("{FAE04EC0-301F-11D3-BF4B-00C04F79EFBC}") = "ARSACSoft", "ARSACSoft\ARSACSoft.csproj", "{94077EFD-E7D4-44B2-9EC5-FC85C8CE7B25}"
EndProject
Global
	GlobalSection(SolutionConfigurationPlatforms) = preSolution
		Debug|Any CPU = Debug|Any CPU
		Release|Any CPU = Release|Any CPU
	EndGlobalSection
	GlobalSection(ProjectConfigurationPlatforms) = postSolution
		{5B391D4F-7104-438F-BE96-DFA4BE25CCC0}.Debug|Any CPU.ActiveCfg = Debug|Any CPU
		{5B391D4F-7104-438F-BE96-DFA4BE25CCC0}.Debug|Any CPU.Build.0 = Debug|Any CPU
		{5B391D4F-7104-438F-BE96-DFA4BE25CCC0}.Release|Any CPU.ActiveCfg = Release|Any CPU
		{5B391D4F-7104-438F-BE96-DFA4BE25CCC0}.Release|Any CPU.Build.0 = Release|Any CPU
		{94077EFD-E7D4-44B2-9EC5-FC85C8CE7B25}.Debug|Any CPU.ActiveCfg = Debug|Any CPU
		{94077EFD-E7D4-44B2-9EC5-FC85C8CE7B25}.Debug|Any CPU.Build.0 = Debug|Any CPU
		{94077EFD-E7D4-44B2-9EC5-FC85C8CE7B25}.Release|Any CPU.ActiveCfg = Release|Any CPU
		{94077EFD-E7D4-44B2-9EC5-FC85C8CE7B25}.Release|Any CPU.Build.0 = Release|Any CPU
	EndGlobalSection
	GlobalSection(SolutionProperties) = preSolution
		HideSolutionNode = FALSE
	EndGlobalSection
	GlobalSection(ExtensibilityGlobals) = postSolution
		SolutionGuid = {89FD6EE6-31FE-47E3-BF8E-69EA11DE9BE7}
	EndGlobalSection
EndGlobal
